// !$*UTF8*$!
{
	archiveVersion = 1;
	classes = {
	};
	objectVersion = 50;
	objects = {

/* Begin PBXBuildFile section */
		16682BD0250F4C2B009B62CF /* MenuViewController.swift in Sources */ = {isa = PBXBuildFile; fileRef = 16682BCF250F4C2B009B62CF /* MenuViewController.swift */; };
		16682BD3250F5002009B62CF /* GameStrategyProtocol.swift in Sources */ = {isa = PBXBuildFile; fileRef = 16682BD2250F5002009B62CF /* GameStrategyProtocol.swift */; };
		16682BD5250F502C009B62CF /* GameSession.swift in Sources */ = {isa = PBXBuildFile; fileRef = 16682BD4250F502C009B62CF /* GameSession.swift */; };
		16682BD7250F50C0009B62CF /* GameModeEnum.swift in Sources */ = {isa = PBXBuildFile; fileRef = 16682BD6250F50BF009B62CF /* GameModeEnum.swift */; };
		16682BD9250F5116009B62CF /* VersusComputerStrategy.swift in Sources */ = {isa = PBXBuildFile; fileRef = 16682BD8250F5116009B62CF /* VersusComputerStrategy.swift */; };
		16682BDB250F512F009B62CF /* VersusHumanStrategy.swift in Sources */ = {isa = PBXBuildFile; fileRef = 16682BDA250F512F009B62CF /* VersusHumanStrategy.swift */; };
		16682BDD250F5258009B62CF /* OpponentEnum.swift in Sources */ = {isa = PBXBuildFile; fileRef = 16682BDC250F5258009B62CF /* OpponentEnum.swift */; };
		16682BDF250F63A4009B62CF /* BlindlyStrategy.swift in Sources */ = {isa = PBXBuildFile; fileRef = 16682BDE250F63A4009B62CF /* BlindlyStrategy.swift */; };
		166C6CB7250F27BD004FA6E7 /* GameFinishState.swift in Sources */ = {isa = PBXBuildFile; fileRef = 166C6CB6250F27BD004FA6E7 /* GameFinishState.swift */; };
		166C6CBC250F31F8004FA6E7 /* FinishEnum.swift in Sources */ = {isa = PBXBuildFile; fileRef = 166C6CBB250F31F8004FA6E7 /* FinishEnum.swift */; };
		166CA459250F9D6E007C67E6 /* BlindlyPlaceState.swift in Sources */ = {isa = PBXBuildFile; fileRef = 166CA458250F9D6E007C67E6 /* BlindlyPlaceState.swift */; };
		166CA45B250F9E14007C67E6 /* BlindlyFireState.swift in Sources */ = {isa = PBXBuildFile; fileRef = 166CA45A250F9E14007C67E6 /* BlindlyFireState.swift */; };
		16720643250EA7E80013DF45 /* AppDelegate.swift in Sources */ = {isa = PBXBuildFile; fileRef = 16720642250EA7E80013DF45 /* AppDelegate.swift */; };
		16720645250EA7E80013DF45 /* SceneDelegate.swift in Sources */ = {isa = PBXBuildFile; fileRef = 16720644250EA7E80013DF45 /* SceneDelegate.swift */; };
		16720647250EA7E80013DF45 /* ViewController.swift in Sources */ = {isa = PBXBuildFile; fileRef = 16720646250EA7E80013DF45 /* ViewController.swift */; };
		1672064A250EA7E80013DF45 /* Main.storyboard in Resources */ = {isa = PBXBuildFile; fileRef = 16720648250EA7E80013DF45 /* Main.storyboard */; };
		1672064C250EA7EA0013DF45 /* Assets.xcassets in Resources */ = {isa = PBXBuildFile; fileRef = 1672064B250EA7EA0013DF45 /* Assets.xcassets */; };
		1672064F250EA7EA0013DF45 /* LaunchScreen.storyboard in Resources */ = {isa = PBXBuildFile; fileRef = 1672064D250EA7EA0013DF45 /* LaunchScreen.storyboard */; };
		16720658250EA8130013DF45 /* BoardCG.swift in Sources */ = {isa = PBXBuildFile; fileRef = 16720657250EA8130013DF45 /* BoardCG.swift */; };
		1672065A250EA8950013DF45 /* BoardView.swift in Sources */ = {isa = PBXBuildFile; fileRef = 16720659250EA8950013DF45 /* BoardView.swift */; };
		1672065C250EAACB0013DF45 /* PlayerEnum.swift in Sources */ = {isa = PBXBuildFile; fileRef = 1672065B250EAACB0013DF45 /* PlayerEnum.swift */; };
		1672065F250EAAF10013DF45 /* Alias.swift in Sources */ = {isa = PBXBuildFile; fileRef = 1672065E250EAAF10013DF45 /* Alias.swift */; };
		16720662250EAB2F0013DF45 /* Board.swift in Sources */ = {isa = PBXBuildFile; fileRef = 16720661250EAB2F0013DF45 /* Board.swift */; };
		16720664250EABEE0013DF45 /* AIFunstions.swift in Sources */ = {isa = PBXBuildFile; fileRef = 16720663250EABEE0013DF45 /* AIFunstions.swift */; };
		1672066A250EB7DD0013DF45 /* GameStateProtocol.swift in Sources */ = {isa = PBXBuildFile; fileRef = 16720669250EB7DD0013DF45 /* GameStateProtocol.swift */; };
		1672066C250EB8740013DF45 /* PlayerState.swift in Sources */ = {isa = PBXBuildFile; fileRef = 1672066B250EB8740013DF45 /* PlayerState.swift */; };
		1672066E250EB8800013DF45 /* AiState.swift in Sources */ = {isa = PBXBuildFile; fileRef = 1672066D250EB8800013DF45 /* AiState.swift */; };
		16881A2B2510C06800CDE736 /* ReplayCommand.swift in Sources */ = {isa = PBXBuildFile; fileRef = 16881A2A2510C06800CDE736 /* ReplayCommand.swift */; };
		16881A2F2510D54A00CDE736 /* Log.swift in Sources */ = {isa = PBXBuildFile; fileRef = 16881A2E2510D54A00CDE736 /* Log.swift */; };
		16881A312510D89C00CDE736 /* LogCommand.swift in Sources */ = {isa = PBXBuildFile; fileRef = 16881A302510D89C00CDE736 /* LogCommand.swift */; };
		16881A332510D96A00CDE736 /* CommandInvoker.swift in Sources */ = {isa = PBXBuildFile; fileRef = 16881A322510D96A00CDE736 /* CommandInvoker.swift */; };
		16881A352510D98500CDE736 /* CommandProtocol.swift in Sources */ = {isa = PBXBuildFile; fileRef = 16881A342510D98500CDE736 /* CommandProtocol.swift */; };
		16881A392511384500CDE736 /* CopyingProtocol.swift in Sources */ = {isa = PBXBuildFile; fileRef = 16881A382511384500CDE736 /* CopyingProtocol.swift */; };
		16881A3B25113B1100CDE736 /* TransactionEntry.swift in Sources */ = {isa = PBXBuildFile; fileRef = 16881A3A25113B1100CDE736 /* TransactionEntry.swift */; };
		16881A3D25113B6700CDE736 /* OperationCommand.swift in Sources */ = {isa = PBXBuildFile; fileRef = 16881A3C25113B6700CDE736 /* OperationCommand.swift */; };
		16881A3F25113D7F00CDE736 /* UndoCommand.swift in Sources */ = {isa = PBXBuildFile; fileRef = 16881A3E25113D7F00CDE736 /* UndoCommand.swift */; };
		16881A412511447B00CDE736 /* README.MD in Resources */ = {isa = PBXBuildFile; fileRef = 16881A402511447B00CDE736 /* README.MD */; };
		1697DE7C25120CB000E882F3 /* StrategyFactory.swift in Sources */ = {isa = PBXBuildFile; fileRef = 1697DE7B25120CB000E882F3 /* StrategyFactory.swift */; };
		1697DE7E2512154300E882F3 /* BoardDecoratorProtocol.swift in Sources */ = {isa = PBXBuildFile; fileRef = 1697DE7D2512154300E882F3 /* BoardDecoratorProtocol.swift */; };
		1697DE8025121A3B00E882F3 /* BoardProtocol.swift in Sources */ = {isa = PBXBuildFile; fileRef = 1697DE7F25121A3B00E882F3 /* BoardProtocol.swift */; };
		1697DE8225121B4A00E882F3 /* BlindlyBoardDecorator.swift in Sources */ = {isa = PBXBuildFile; fileRef = 1697DE8125121B4A00E882F3 /* BlindlyBoardDecorator.swift */; };
		1697DE842512236400E882F3 /* BoardFactory.swift in Sources */ = {isa = PBXBuildFile; fileRef = 1697DE832512236400E882F3 /* BoardFactory.swift */; };
/* End PBXBuildFile section */

/* Begin PBXFileReference section */
		16682BCF250F4C2B009B62CF /* MenuViewController.swift */ = {isa = PBXFileReference; lastKnownFileType = sourcecode.swift; path = MenuViewController.swift; sourceTree = "<group>"; };
		16682BD2250F5002009B62CF /* GameStrategyProtocol.swift */ = {isa = PBXFileReference; lastKnownFileType = sourcecode.swift; path = GameStrategyProtocol.swift; sourceTree = "<group>"; };
		16682BD4250F502C009B62CF /* GameSession.swift */ = {isa = PBXFileReference; lastKnownFileType = sourcecode.swift; path = GameSession.swift; sourceTree = "<group>"; };
		16682BD6250F50BF009B62CF /* GameModeEnum.swift */ = {isa = PBXFileReference; lastKnownFileType = sourcecode.swift; path = GameModeEnum.swift; sourceTree = "<group>"; };
		16682BD8250F5116009B62CF /* VersusComputerStrategy.swift */ = {isa = PBXFileReference; lastKnownFileType = sourcecode.swift; path = VersusComputerStrategy.swift; sourceTree = "<group>"; };
		16682BDA250F512F009B62CF /* VersusHumanStrategy.swift */ = {isa = PBXFileReference; lastKnownFileType = sourcecode.swift; path = VersusHumanStrategy.swift; sourceTree = "<group>"; };
		16682BDC250F5258009B62CF /* OpponentEnum.swift */ = {isa = PBXFileReference; lastKnownFileType = sourcecode.swift; path = OpponentEnum.swift; sourceTree = "<group>"; };
		16682BDE250F63A4009B62CF /* BlindlyStrategy.swift */ = {isa = PBXFileReference; lastKnownFileType = sourcecode.swift; path = BlindlyStrategy.swift; sourceTree = "<group>"; };
		166C6CB6250F27BD004FA6E7 /* GameFinishState.swift */ = {isa = PBXFileReference; lastKnownFileType = sourcecode.swift; path = GameFinishState.swift; sourceTree = "<group>"; };
		166C6CBB250F31F8004FA6E7 /* FinishEnum.swift */ = {isa = PBXFileReference; lastKnownFileType = sourcecode.swift; path = FinishEnum.swift; sourceTree = "<group>"; };
		166CA458250F9D6E007C67E6 /* BlindlyPlaceState.swift */ = {isa = PBXFileReference; lastKnownFileType = sourcecode.swift; path = BlindlyPlaceState.swift; sourceTree = "<group>"; };
		166CA45A250F9E14007C67E6 /* BlindlyFireState.swift */ = {isa = PBXFileReference; lastKnownFileType = sourcecode.swift; path = BlindlyFireState.swift; sourceTree = "<group>"; };
		1672063F250EA7E80013DF45 /* ivanov.igor.gb.architecture.xo.app */ = {isa = PBXFileReference; explicitFileType = wrapper.application; includeInIndex = 0; path = ivanov.igor.gb.architecture.xo.app; sourceTree = BUILT_PRODUCTS_DIR; };
		16720642250EA7E80013DF45 /* AppDelegate.swift */ = {isa = PBXFileReference; lastKnownFileType = sourcecode.swift; path = AppDelegate.swift; sourceTree = "<group>"; };
		16720644250EA7E80013DF45 /* SceneDelegate.swift */ = {isa = PBXFileReference; lastKnownFileType = sourcecode.swift; path = SceneDelegate.swift; sourceTree = "<group>"; };
		16720646250EA7E80013DF45 /* ViewController.swift */ = {isa = PBXFileReference; lastKnownFileType = sourcecode.swift; path = ViewController.swift; sourceTree = "<group>"; };
		16720649250EA7E80013DF45 /* Base */ = {isa = PBXFileReference; lastKnownFileType = file.storyboard; name = Base; path = Base.lproj/Main.storyboard; sourceTree = "<group>"; };
		1672064B250EA7EA0013DF45 /* Assets.xcassets */ = {isa = PBXFileReference; lastKnownFileType = folder.assetcatalog; path = Assets.xcassets; sourceTree = "<group>"; };
		1672064E250EA7EA0013DF45 /* Base */ = {isa = PBXFileReference; lastKnownFileType = file.storyboard; name = Base; path = Base.lproj/LaunchScreen.storyboard; sourceTree = "<group>"; };
		16720650250EA7EA0013DF45 /* Info.plist */ = {isa = PBXFileReference; lastKnownFileType = text.plist.xml; path = Info.plist; sourceTree = "<group>"; };
		16720657250EA8130013DF45 /* BoardCG.swift */ = {isa = PBXFileReference; fileEncoding = 4; lastKnownFileType = sourcecode.swift; path = BoardCG.swift; sourceTree = "<group>"; };
		16720659250EA8950013DF45 /* BoardView.swift */ = {isa = PBXFileReference; lastKnownFileType = sourcecode.swift; path = BoardView.swift; sourceTree = "<group>"; };
		1672065B250EAACB0013DF45 /* PlayerEnum.swift */ = {isa = PBXFileReference; lastKnownFileType = sourcecode.swift; path = PlayerEnum.swift; sourceTree = "<group>"; };
		1672065E250EAAF10013DF45 /* Alias.swift */ = {isa = PBXFileReference; lastKnownFileType = sourcecode.swift; path = Alias.swift; sourceTree = "<group>"; };
		16720661250EAB2F0013DF45 /* Board.swift */ = {isa = PBXFileReference; lastKnownFileType = sourcecode.swift; path = Board.swift; sourceTree = "<group>"; };
		16720663250EABEE0013DF45 /* AIFunstions.swift */ = {isa = PBXFileReference; lastKnownFileType = sourcecode.swift; path = AIFunstions.swift; sourceTree = "<group>"; };
		16720669250EB7DD0013DF45 /* GameStateProtocol.swift */ = {isa = PBXFileReference; lastKnownFileType = sourcecode.swift; path = GameStateProtocol.swift; sourceTree = "<group>"; };
		1672066B250EB8740013DF45 /* PlayerState.swift */ = {isa = PBXFileReference; lastKnownFileType = sourcecode.swift; path = PlayerState.swift; sourceTree = "<group>"; };
		1672066D250EB8800013DF45 /* AiState.swift */ = {isa = PBXFileReference; lastKnownFileType = sourcecode.swift; path = AiState.swift; sourceTree = "<group>"; };
		16881A2A2510C06800CDE736 /* ReplayCommand.swift */ = {isa = PBXFileReference; lastKnownFileType = sourcecode.swift; path = ReplayCommand.swift; sourceTree = "<group>"; };
		16881A2E2510D54A00CDE736 /* Log.swift */ = {isa = PBXFileReference; lastKnownFileType = sourcecode.swift; path = Log.swift; sourceTree = "<group>"; };
		16881A302510D89C00CDE736 /* LogCommand.swift */ = {isa = PBXFileReference; lastKnownFileType = sourcecode.swift; path = LogCommand.swift; sourceTree = "<group>"; };
		16881A322510D96A00CDE736 /* CommandInvoker.swift */ = {isa = PBXFileReference; lastKnownFileType = sourcecode.swift; path = CommandInvoker.swift; sourceTree = "<group>"; };
		16881A342510D98500CDE736 /* CommandProtocol.swift */ = {isa = PBXFileReference; lastKnownFileType = sourcecode.swift; path = CommandProtocol.swift; sourceTree = "<group>"; };
		16881A382511384500CDE736 /* CopyingProtocol.swift */ = {isa = PBXFileReference; lastKnownFileType = sourcecode.swift; path = CopyingProtocol.swift; sourceTree = "<group>"; };
		16881A3A25113B1100CDE736 /* TransactionEntry.swift */ = {isa = PBXFileReference; lastKnownFileType = sourcecode.swift; path = TransactionEntry.swift; sourceTree = "<group>"; };
		16881A3C25113B6700CDE736 /* OperationCommand.swift */ = {isa = PBXFileReference; lastKnownFileType = sourcecode.swift; path = OperationCommand.swift; sourceTree = "<group>"; };
		16881A3E25113D7F00CDE736 /* UndoCommand.swift */ = {isa = PBXFileReference; lastKnownFileType = sourcecode.swift; path = UndoCommand.swift; sourceTree = "<group>"; };
		16881A402511447B00CDE736 /* README.MD */ = {isa = PBXFileReference; lastKnownFileType = net.daringfireball.markdown; path = README.MD; sourceTree = "<group>"; };
		1697DE7B25120CB000E882F3 /* StrategyFactory.swift */ = {isa = PBXFileReference; lastKnownFileType = sourcecode.swift; path = StrategyFactory.swift; sourceTree = "<group>"; };
		1697DE7D2512154300E882F3 /* BoardDecoratorProtocol.swift */ = {isa = PBXFileReference; lastKnownFileType = sourcecode.swift; path = BoardDecoratorProtocol.swift; sourceTree = "<group>"; };
		1697DE7F25121A3B00E882F3 /* BoardProtocol.swift */ = {isa = PBXFileReference; lastKnownFileType = sourcecode.swift; path = BoardProtocol.swift; sourceTree = "<group>"; };
		1697DE8125121B4A00E882F3 /* BlindlyBoardDecorator.swift */ = {isa = PBXFileReference; lastKnownFileType = sourcecode.swift; path = BlindlyBoardDecorator.swift; sourceTree = "<group>"; };
		1697DE832512236400E882F3 /* BoardFactory.swift */ = {isa = PBXFileReference; lastKnownFileType = sourcecode.swift; path = BoardFactory.swift; sourceTree = "<group>"; };
/* End PBXFileReference section */

/* Begin PBXFrameworksBuildPhase section */
		1672063C250EA7E80013DF45 /* Frameworks */ = {
			isa = PBXFrameworksBuildPhase;
			buildActionMask = 2147483647;
			files = (
			);
			runOnlyForDeploymentPostprocessing = 0;
		};
/* End PBXFrameworksBuildPhase section */

/* Begin PBXGroup section */
		16682BD1250F4FEC009B62CF /* Strategy */ = {
			isa = PBXGroup;
			children = (
				1697DE7B25120CB000E882F3 /* StrategyFactory.swift */,
				16682BD2250F5002009B62CF /* GameStrategyProtocol.swift */,
				16682BD8250F5116009B62CF /* VersusComputerStrategy.swift */,
				16682BDA250F512F009B62CF /* VersusHumanStrategy.swift */,
				16682BDE250F63A4009B62CF /* BlindlyStrategy.swift */,
			);
			path = Strategy;
			sourceTree = "<group>";
		};
		16720636250EA7E80013DF45 = {
			isa = PBXGroup;
			children = (
				16720641250EA7E80013DF45 /* ivanov.igor.gb.architecture.xo */,
				16720640250EA7E80013DF45 /* Products */,
			);
			sourceTree = "<group>";
		};
		16720640250EA7E80013DF45 /* Products */ = {
			isa = PBXGroup;
			children = (
				1672063F250EA7E80013DF45 /* ivanov.igor.gb.architecture.xo.app */,
			);
			name = Products;
			sourceTree = "<group>";
		};
		16720641250EA7E80013DF45 /* ivanov.igor.gb.architecture.xo */ = {
			isa = PBXGroup;
			children = (
				16881A372511380D00CDE736 /* Prototype */,
				16881A362511364800CDE736 /* AI */,
				16881A292510C04B00CDE736 /* Command */,
				16682BD1250F4FEC009B62CF /* Strategy */,
				16720668250EB72D0013DF45 /* State */,
				16720660250EAB230013DF45 /* Board */,
				1672065D250EAAE00013DF45 /* Constant */,
				16720656250EA7F40013DF45 /* CG */,
				16682BD4250F502C009B62CF /* GameSession.swift */,
				16720642250EA7E80013DF45 /* AppDelegate.swift */,
				16720644250EA7E80013DF45 /* SceneDelegate.swift */,
				16682BCF250F4C2B009B62CF /* MenuViewController.swift */,
				16720646250EA7E80013DF45 /* ViewController.swift */,
				16720648250EA7E80013DF45 /* Main.storyboard */,
				1672064B250EA7EA0013DF45 /* Assets.xcassets */,
				1672064D250EA7EA0013DF45 /* LaunchScreen.storyboard */,
				16720650250EA7EA0013DF45 /* Info.plist */,
				16881A402511447B00CDE736 /* README.MD */,
			);
			path = ivanov.igor.gb.architecture.xo;
			sourceTree = "<group>";
		};
		16720656250EA7F40013DF45 /* CG */ = {
			isa = PBXGroup;
			children = (
				16720657250EA8130013DF45 /* BoardCG.swift */,
				16720659250EA8950013DF45 /* BoardView.swift */,
			);
			path = CG;
			sourceTree = "<group>";
		};
		1672065D250EAAE00013DF45 /* Constant */ = {
			isa = PBXGroup;
			children = (
				1672065B250EAACB0013DF45 /* PlayerEnum.swift */,
				1672065E250EAAF10013DF45 /* Alias.swift */,
				166C6CBB250F31F8004FA6E7 /* FinishEnum.swift */,
				16682BD6250F50BF009B62CF /* GameModeEnum.swift */,
				16682BDC250F5258009B62CF /* OpponentEnum.swift */,
			);
			path = Constant;
			sourceTree = "<group>";
		};
		16720660250EAB230013DF45 /* Board */ = {
			isa = PBXGroup;
			children = (
				1697DE832512236400E882F3 /* BoardFactory.swift */,
				1697DE7D2512154300E882F3 /* BoardDecoratorProtocol.swift */,
				1697DE8125121B4A00E882F3 /* BlindlyBoardDecorator.swift */,
				1697DE7F25121A3B00E882F3 /* BoardProtocol.swift */,
				16720661250EAB2F0013DF45 /* Board.swift */,
			);
			path = Board;
			sourceTree = "<group>";
		};
		16720668250EB72D0013DF45 /* State */ = {
			isa = PBXGroup;
			children = (
				16720669250EB7DD0013DF45 /* GameStateProtocol.swift */,
				166CA458250F9D6E007C67E6 /* BlindlyPlaceState.swift */,
				166CA45A250F9E14007C67E6 /* BlindlyFireState.swift */,
				1672066B250EB8740013DF45 /* PlayerState.swift */,
				1672066D250EB8800013DF45 /* AiState.swift */,
				166C6CB6250F27BD004FA6E7 /* GameFinishState.swift */,
			);
			path = State;
			sourceTree = "<group>";
		};
		16881A292510C04B00CDE736 /* Command */ = {
			isa = PBXGroup;
			children = (
				16881A342510D98500CDE736 /* CommandProtocol.swift */,
				16881A2E2510D54A00CDE736 /* Log.swift */,
				16881A2A2510C06800CDE736 /* ReplayCommand.swift */,
				16881A302510D89C00CDE736 /* LogCommand.swift */,
				16881A3E25113D7F00CDE736 /* UndoCommand.swift */,
				16881A3C25113B6700CDE736 /* OperationCommand.swift */,
				16881A322510D96A00CDE736 /* CommandInvoker.swift */,
				16881A3A25113B1100CDE736 /* TransactionEntry.swift */,
			);
			path = Command;
			sourceTree = "<group>";
		};
		16881A362511364800CDE736 /* AI */ = {
			isa = PBXGroup;
			children = (
				16720663250EABEE0013DF45 /* AIFunstions.swift */,
			);
			path = AI;
			sourceTree = "<group>";
		};
		16881A372511380D00CDE736 /* Prototype */ = {
			isa = PBXGroup;
			children = (
				16881A382511384500CDE736 /* CopyingProtocol.swift */,
			);
			path = Prototype;
			sourceTree = "<group>";
		};
/* End PBXGroup section */

/* Begin PBXNativeTarget section */
		1672063E250EA7E80013DF45 /* ivanov.igor.gb.architecture.xo */ = {
			isa = PBXNativeTarget;
			buildConfigurationList = 16720653250EA7EA0013DF45 /* Build configuration list for PBXNativeTarget "ivanov.igor.gb.architecture.xo" */;
			buildPhases = (
				1672063B250EA7E80013DF45 /* Sources */,
				1672063C250EA7E80013DF45 /* Frameworks */,
				1672063D250EA7E80013DF45 /* Resources */,
			);
			buildRules = (
			);
			dependencies = (
			);
			name = ivanov.igor.gb.architecture.xo;
			productName = ivanov.igor.gb.architecture.xo;
			productReference = 1672063F250EA7E80013DF45 /* ivanov.igor.gb.architecture.xo.app */;
			productType = "com.apple.product-type.application";
		};
/* End PBXNativeTarget section */

/* Begin PBXProject section */
		16720637250EA7E80013DF45 /* Project object */ = {
			isa = PBXProject;
			attributes = {
				LastSwiftUpdateCheck = 1170;
				LastUpgradeCheck = 1170;
				ORGANIZATIONNAME = "Igor Ivanov";
				TargetAttributes = {
					1672063E250EA7E80013DF45 = {
						CreatedOnToolsVersion = 11.7;
					};
				};
			};
			buildConfigurationList = 1672063A250EA7E80013DF45 /* Build configuration list for PBXProject "ivanov.igor.gb.architecture.xo" */;
			compatibilityVersion = "Xcode 9.3";
			developmentRegion = en;
			hasScannedForEncodings = 0;
			knownRegions = (
				en,
				Base,
			);
			mainGroup = 16720636250EA7E80013DF45;
			productRefGroup = 16720640250EA7E80013DF45 /* Products */;
			projectDirPath = "";
			projectRoot = "";
			targets = (
				1672063E250EA7E80013DF45 /* ivanov.igor.gb.architecture.xo */,
			);
		};
/* End PBXProject section */

/* Begin PBXResourcesBuildPhase section */
		1672063D250EA7E80013DF45 /* Resources */ = {
			isa = PBXResourcesBuildPhase;
			buildActionMask = 2147483647;
			files = (
				1672064F250EA7EA0013DF45 /* LaunchScreen.storyboard in Resources */,
				1672064C250EA7EA0013DF45 /* Assets.xcassets in Resources */,
				16881A412511447B00CDE736 /* README.MD in Resources */,
				1672064A250EA7E80013DF45 /* Main.storyboard in Resources */,
			);
			runOnlyForDeploymentPostprocessing = 0;
		};
/* End PBXResourcesBuildPhase section */

/* Begin PBXSourcesBuildPhase section */
		1672063B250EA7E80013DF45 /* Sources */ = {
			isa = PBXSourcesBuildPhase;
			buildActionMask = 2147483647;
			files = (
				16720647250EA7E80013DF45 /* ViewController.swift in Sources */,
				16682BD9250F5116009B62CF /* VersusComputerStrategy.swift in Sources */,
				16881A352510D98500CDE736 /* CommandProtocol.swift in Sources */,
				16881A2F2510D54A00CDE736 /* Log.swift in Sources */,
				1672066A250EB7DD0013DF45 /* GameStateProtocol.swift in Sources */,
				1697DE8225121B4A00E882F3 /* BlindlyBoardDecorator.swift in Sources */,
				1672066C250EB8740013DF45 /* PlayerState.swift in Sources */,
				1672066E250EB8800013DF45 /* AiState.swift in Sources */,
				16881A3D25113B6700CDE736 /* OperationCommand.swift in Sources */,
				16682BD3250F5002009B62CF /* GameStrategyProtocol.swift in Sources */,
				16682BD7250F50C0009B62CF /* GameModeEnum.swift in Sources */,
				166C6CB7250F27BD004FA6E7 /* GameFinishState.swift in Sources */,
				166C6CBC250F31F8004FA6E7 /* FinishEnum.swift in Sources */,
				166CA45B250F9E14007C67E6 /* BlindlyFireState.swift in Sources */,
				16881A332510D96A00CDE736 /* CommandInvoker.swift in Sources */,
				16881A3F25113D7F00CDE736 /* UndoCommand.swift in Sources */,
				16881A2B2510C06800CDE736 /* ReplayCommand.swift in Sources */,
				16720664250EABEE0013DF45 /* AIFunstions.swift in Sources */,
				16682BDB250F512F009B62CF /* VersusHumanStrategy.swift in Sources */,
				16881A312510D89C00CDE736 /* LogCommand.swift in Sources */,
				16682BD0250F4C2B009B62CF /* MenuViewController.swift in Sources */,
				1697DE842512236400E882F3 /* BoardFactory.swift in Sources */,
				166CA459250F9D6E007C67E6 /* BlindlyPlaceState.swift in Sources */,
				16720643250EA7E80013DF45 /* AppDelegate.swift in Sources */,
				1672065C250EAACB0013DF45 /* PlayerEnum.swift in Sources */,
				16682BDF250F63A4009B62CF /* BlindlyStrategy.swift in Sources */,
				1672065A250EA8950013DF45 /* BoardView.swift in Sources */,
				16682BD5250F502C009B62CF /* GameSession.swift in Sources */,
				16720658250EA8130013DF45 /* BoardCG.swift in Sources */,
				16881A392511384500CDE736 /* CopyingProtocol.swift in Sources */,
				16720645250EA7E80013DF45 /* SceneDelegate.swift in Sources */,
				16720662250EAB2F0013DF45 /* Board.swift in Sources */,
				1672065F250EAAF10013DF45 /* Alias.swift in Sources */,
				1697DE8025121A3B00E882F3 /* BoardProtocol.swift in Sources */,
				16881A3B25113B1100CDE736 /* TransactionEntry.swift in Sources */,
				16682BDD250F5258009B62CF /* OpponentEnum.swift in Sources */,
				1697DE7E2512154300E882F3 /* BoardDecoratorProtocol.swift in Sources */,
				1697DE7C25120CB000E882F3 /* StrategyFactory.swift in Sources */,
			);
			runOnlyForDeploymentPostprocessing = 0;
		};
/* End PBXSourcesBuildPhase section */

/* Begin PBXVariantGroup section */
		16720648250EA7E80013DF45 /* Main.storyboard */ = {
			isa = PBXVariantGroup;
			children = (
				16720649250EA7E80013DF45 /* Base */,
			);
			name = Main.storyboard;
			sourceTree = "<group>";
		};
		1672064D250EA7EA0013DF45 /* LaunchScreen.storyboard */ = {
			isa = PBXVariantGroup;
			children = (
				1672064E250EA7EA0013DF45 /* Base */,
			);
			name = LaunchScreen.storyboard;
			sourceTree = "<group>";
		};
/* End PBXVariantGroup section */

/* Begin XCBuildConfiguration section */
		16720651250EA7EA0013DF45 /* Debug */ = {
			isa = XCBuildConfiguration;
			buildSettings = {
				ALWAYS_SEARCH_USER_PATHS = NO;
				CLANG_ANALYZER_NONNULL = YES;
				CLANG_ANALYZER_NUMBER_OBJECT_CONVERSION = YES_AGGRESSIVE;
				CLANG_CXX_LANGUAGE_STANDARD = "gnu++14";
				CLANG_CXX_LIBRARY = "libc++";
				CLANG_ENABLE_MODULES = YES;
				CLANG_ENABLE_OBJC_ARC = YES;
				CLANG_ENABLE_OBJC_WEAK = YES;
				CLANG_WARN_BLOCK_CAPTURE_AUTORELEASING = YES;
				CLANG_WARN_BOOL_CONVERSION = YES;
				CLANG_WARN_COMMA = YES;
				CLANG_WARN_CONSTANT_CONVERSION = YES;
				CLANG_WARN_DEPRECATED_OBJC_IMPLEMENTATIONS = YES;
				CLANG_WARN_DIRECT_OBJC_ISA_USAGE = YES_ERROR;
				CLANG_WARN_DOCUMENTATION_COMMENTS = YES;
				CLANG_WARN_EMPTY_BODY = YES;
				CLANG_WARN_ENUM_CONVERSION = YES;
				CLANG_WARN_INFINITE_RECURSION = YES;
				CLANG_WARN_INT_CONVERSION = YES;
				CLANG_WARN_NON_LITERAL_NULL_CONVERSION = YES;
				CLANG_WARN_OBJC_IMPLICIT_RETAIN_SELF = YES;
				CLANG_WARN_OBJC_LITERAL_CONVERSION = YES;
				CLANG_WARN_OBJC_ROOT_CLASS = YES_ERROR;
				CLANG_WARN_RANGE_LOOP_ANALYSIS = YES;
				CLANG_WARN_STRICT_PROTOTYPES = YES;
				CLANG_WARN_SUSPICIOUS_MOVE = YES;
				CLANG_WARN_UNGUARDED_AVAILABILITY = YES_AGGRESSIVE;
				CLANG_WARN_UNREACHABLE_CODE = YES;
				CLANG_WARN__DUPLICATE_METHOD_MATCH = YES;
				COPY_PHASE_STRIP = NO;
				DEBUG_INFORMATION_FORMAT = dwarf;
				ENABLE_STRICT_OBJC_MSGSEND = YES;
				ENABLE_TESTABILITY = YES;
				GCC_C_LANGUAGE_STANDARD = gnu11;
				GCC_DYNAMIC_NO_PIC = NO;
				GCC_NO_COMMON_BLOCKS = YES;
				GCC_OPTIMIZATION_LEVEL = 0;
				GCC_PREPROCESSOR_DEFINITIONS = (
					"DEBUG=1",
					"$(inherited)",
				);
				GCC_WARN_64_TO_32_BIT_CONVERSION = YES;
				GCC_WARN_ABOUT_RETURN_TYPE = YES_ERROR;
				GCC_WARN_UNDECLARED_SELECTOR = YES;
				GCC_WARN_UNINITIALIZED_AUTOS = YES_AGGRESSIVE;
				GCC_WARN_UNUSED_FUNCTION = YES;
				GCC_WARN_UNUSED_VARIABLE = YES;
				IPHONEOS_DEPLOYMENT_TARGET = 13.7;
				MTL_ENABLE_DEBUG_INFO = INCLUDE_SOURCE;
				MTL_FAST_MATH = YES;
				ONLY_ACTIVE_ARCH = YES;
				SDKROOT = iphoneos;
				SWIFT_ACTIVE_COMPILATION_CONDITIONS = DEBUG;
				SWIFT_OPTIMIZATION_LEVEL = "-Onone";
			};
			name = Debug;
		};
		16720652250EA7EA0013DF45 /* Release */ = {
			isa = XCBuildConfiguration;
			buildSettings = {
				ALWAYS_SEARCH_USER_PATHS = NO;
				CLANG_ANALYZER_NONNULL = YES;
				CLANG_ANALYZER_NUMBER_OBJECT_CONVERSION = YES_AGGRESSIVE;
				CLANG_CXX_LANGUAGE_STANDARD = "gnu++14";
				CLANG_CXX_LIBRARY = "libc++";
				CLANG_ENABLE_MODULES = YES;
				CLANG_ENABLE_OBJC_ARC = YES;
				CLANG_ENABLE_OBJC_WEAK = YES;
				CLANG_WARN_BLOCK_CAPTURE_AUTORELEASING = YES;
				CLANG_WARN_BOOL_CONVERSION = YES;
				CLANG_WARN_COMMA = YES;
				CLANG_WARN_CONSTANT_CONVERSION = YES;
				CLANG_WARN_DEPRECATED_OBJC_IMPLEMENTATIONS = YES;
				CLANG_WARN_DIRECT_OBJC_ISA_USAGE = YES_ERROR;
				CLANG_WARN_DOCUMENTATION_COMMENTS = YES;
				CLANG_WARN_EMPTY_BODY = YES;
				CLANG_WARN_ENUM_CONVERSION = YES;
				CLANG_WARN_INFINITE_RECURSION = YES;
				CLANG_WARN_INT_CONVERSION = YES;
				CLANG_WARN_NON_LITERAL_NULL_CONVERSION = YES;
				CLANG_WARN_OBJC_IMPLICIT_RETAIN_SELF = YES;
				CLANG_WARN_OBJC_LITERAL_CONVERSION = YES;
				CLANG_WARN_OBJC_ROOT_CLASS = YES_ERROR;
				CLANG_WARN_RANGE_LOOP_ANALYSIS = YES;
				CLANG_WARN_STRICT_PROTOTYPES = YES;
				CLANG_WARN_SUSPICIOUS_MOVE = YES;
				CLANG_WARN_UNGUARDED_AVAILABILITY = YES_AGGRESSIVE;
				CLANG_WARN_UNREACHABLE_CODE = YES;
				CLANG_WARN__DUPLICATE_METHOD_MATCH = YES;
				COPY_PHASE_STRIP = NO;
				DEBUG_INFORMATION_FORMAT = "dwarf-with-dsym";
				ENABLE_NS_ASSERTIONS = NO;
				ENABLE_STRICT_OBJC_MSGSEND = YES;
				GCC_C_LANGUAGE_STANDARD = gnu11;
				GCC_NO_COMMON_BLOCKS = YES;
				GCC_WARN_64_TO_32_BIT_CONVERSION = YES;
				GCC_WARN_ABOUT_RETURN_TYPE = YES_ERROR;
				GCC_WARN_UNDECLARED_SELECTOR = YES;
				GCC_WARN_UNINITIALIZED_AUTOS = YES_AGGRESSIVE;
				GCC_WARN_UNUSED_FUNCTION = YES;
				GCC_WARN_UNUSED_VARIABLE = YES;
				IPHONEOS_DEPLOYMENT_TARGET = 13.7;
				MTL_ENABLE_DEBUG_INFO = NO;
				MTL_FAST_MATH = YES;
				SDKROOT = iphoneos;
				SWIFT_COMPILATION_MODE = wholemodule;
				SWIFT_OPTIMIZATION_LEVEL = "-O";
				VALIDATE_PRODUCT = YES;
			};
			name = Release;
		};
		16720654250EA7EA0013DF45 /* Debug */ = {
			isa = XCBuildConfiguration;
			buildSettings = {
				ASSETCATALOG_COMPILER_APPICON_NAME = AppIcon;
				CODE_SIGN_STYLE = Automatic;
				DEVELOPMENT_TEAM = 78S4SSQ86F;
				INFOPLIST_FILE = ivanov.igor.gb.architecture.xo/Info.plist;
				IPHONEOS_DEPLOYMENT_TARGET = 13.5;
				LD_RUNPATH_SEARCH_PATHS = (
					"$(inherited)",
					"@executable_path/Frameworks",
				);
				PRODUCT_BUNDLE_IDENTIFIER = "com.garneteum.ivanov-igor-gb-architecture-xo";
				PRODUCT_NAME = "$(TARGET_NAME)";
				SWIFT_VERSION = 5.0;
				TARGETED_DEVICE_FAMILY = "1,2";
			};
			name = Debug;
		};
		16720655250EA7EA0013DF45 /* Release */ = {
			isa = XCBuildConfiguration;
			buildSettings = {
				ASSETCATALOG_COMPILER_APPICON_NAME = AppIcon;
				CODE_SIGN_STYLE = Automatic;
				DEVELOPMENT_TEAM = 78S4SSQ86F;
				INFOPLIST_FILE = ivanov.igor.gb.architecture.xo/Info.plist;
				IPHONEOS_DEPLOYMENT_TARGET = 13.5;
				LD_RUNPATH_SEARCH_PATHS = (
					"$(inherited)",
					"@executable_path/Frameworks",
				);
				PRODUCT_BUNDLE_IDENTIFIER = "com.garneteum.ivanov-igor-gb-architecture-xo";
				PRODUCT_NAME = "$(TARGET_NAME)";
				SWIFT_VERSION = 5.0;
				TARGETED_DEVICE_FAMILY = "1,2";
			};
			name = Release;
		};
/* End XCBuildConfiguration section */

/* Begin XCConfigurationList section */
		1672063A250EA7E80013DF45 /* Build configuration list for PBXProject "ivanov.igor.gb.architecture.xo" */ = {
			isa = XCConfigurationList;
			buildConfigurations = (
				16720651250EA7EA0013DF45 /* Debug */,
				16720652250EA7EA0013DF45 /* Release */,
			);
			defaultConfigurationIsVisible = 0;
			defaultConfigurationName = Release;
		};
		16720653250EA7EA0013DF45 /* Build configuration list for PBXNativeTarget "ivanov.igor.gb.architecture.xo" */ = {
			isa = XCConfigurationList;
			buildConfigurations = (
				16720654250EA7EA0013DF45 /* Debug */,
				16720655250EA7EA0013DF45 /* Release */,
			);
			defaultConfigurationIsVisible = 0;
			defaultConfigurationName = Release;
		};
/* End XCConfigurationList section */
	};
	rootObject = 16720637250EA7E80013DF45 /* Project object */;
}
